{
  "name": "startbootstrap-scrolling-nav",
  "version": "4.0.0-beta.2",
  "lockfileVersion": 1,
  "requires": true,
  "dependencies": {
    "date-now": {
      "version": "1.0.1",
      "resolved": "https://registry.npmjs.org/date-now/-/date-now-1.0.1.tgz",
      "integrity": "sha1-u30IZDjevkGCpIX7PfP7+5nWFTw="
    },
    "debounce": {
      "version": "1.0.0",
      "resolved": "https://registry.npmjs.org/debounce/-/debounce-1.0.0.tgz",
      "integrity": "sha1-CUivUT0uTOQHkW+FBqQj0/nPctg=",
      "requires": {
        "date-now": "1.0.1"
      }
    },
    "event-drops": {
      "version": "0.3.1-alpha4",
      "resolved": "https://registry.npmjs.org/event-drops/-/event-drops-0.3.1-alpha4.tgz",
      "integrity": "sha1-7CPyQnW7ctpgCJpcYrLYeQbUk2Y=",
      "requires": {
        "debounce": "1.0.0"
      }
    }
  }
}
